# THIS IS AN AUTOGENERATED FILE. DO NOT EDIT THIS FILE DIRECTLY.
# yarn lockfile v1


dommatrix@^1.0.3:
  version "1.0.3"
  resolved "https://registry.yarnpkg.com/dommatrix/-/dommatrix-1.0.3.tgz#e7c18e8d6f3abdd1fef3dd4aa74c4d2e620a0525"
  integrity sha512-l32Xp/TLgWb8ReqbVJAFIvXmY7go4nTxxlWiAFyhoQw9RKEOHBZNnyGvJWqDVSPmq3Y9HlM4npqF/T6VMOXhww==

pdfjs-dist@^2.16.105:
  version "2.16.105"
  resolved "https://registry.yarnpkg.com/pdfjs-dist/-/pdfjs-dist-2.16.105.tgz#937b9c4a918f03f3979c88209d84c1ce90122c2a"
  integrity sha512-J4dn41spsAwUxCpEoVf6GVoz908IAA3mYiLmNxg8J9kfRXc2jxpbUepcP0ocp0alVNLFthTAM8DZ1RaHh8sU0A==
  dependencies:
    dommatrix "^1.0.3"
    web-streams-polyfill "^3.2.1"

web-streams-polyfill@^3.2.1:
  version "3.2.1"
  resolved "https://registry.yarnpkg.com/web-streams-polyfill/-/web-streams-polyfill-3.2.1.tgz#71c2718c52b45fd49dbeee88634b3a60ceab42a6"
  integrity sha512-e0MO3wdXWKrLbL0DgGnUV7WHVuw9OUvL4hjgnPkIeEvESk74gAITi5G606JtZPp39cd8HA9VQzCIvA49LpPN5Q==
